// !$*UTF8*$!
{
	archiveVersion = 1;
	classes = {
	};
	objectVersion = 51;
	objects = {

/* Begin PBXBuildFile section */
		277500D2243DBB81001A3F18 /* AppDelegate.swift in Sources */ = {isa = PBXBuildFile; fileRef = 277500D1243DBB81001A3F18 /* AppDelegate.swift */; };
		277500D4243DBB81001A3F18 /* SceneDelegate.swift in Sources */ = {isa = PBXBuildFile; fileRef = 277500D3243DBB81001A3F18 /* SceneDelegate.swift */; };
		277500D6243DBB81001A3F18 /* ViewController.swift in Sources */ = {isa = PBXBuildFile; fileRef = 277500D5243DBB81001A3F18 /* ViewController.swift */; };
		277500D9243DBB81001A3F18 /* Main.storyboard in Resources */ = {isa = PBXBuildFile; fileRef = 277500D7243DBB81001A3F18 /* Main.storyboard */; };
		277500DB243DBB82001A3F18 /* Assets.xcassets in Resources */ = {isa = PBXBuildFile; fileRef = 277500DA243DBB82001A3F18 /* Assets.xcassets */; };
		277500DE243DBB82001A3F18 /* LaunchScreen.storyboard in Resources */ = {isa = PBXBuildFile; fileRef = 277500DC243DBB82001A3F18 /* LaunchScreen.storyboard */; };
		277500E8243DC64C001A3F18 /* applelogo.png in Resources */ = {isa = PBXBuildFile; fileRef = 277500E7243DC64C001A3F18 /* applelogo.png */; };
		277500EA243E221B001A3F18 /* PendingNotificationsViewController.swift in Sources */ = {isa = PBXBuildFile; fileRef = 277500E9243E221B001A3F18 /* PendingNotificationsViewController.swift */; };
		F19872B8BC88653347116132 /* Pods_SchedulerPractice.framework in Frameworks */ = {isa = PBXBuildFile; fileRef = AFB6FA8FF3E8E151BA7AF4AD /* Pods_SchedulerPractice.framework */; };
/* End PBXBuildFile section */

/* Begin PBXFileReference section */
		277500CE243DBB81001A3F18 /* SchedulerPractice.app */ = {isa = PBXFileReference; explicitFileType = wrapper.application; includeInIndex = 0; path = SchedulerPractice.app; sourceTree = BUILT_PRODUCTS_DIR; };
		277500D1243DBB81001A3F18 /* AppDelegate.swift */ = {isa = PBXFileReference; lastKnownFileType = sourcecode.swift; path = AppDelegate.swift; sourceTree = "<group>"; };
		277500D3243DBB81001A3F18 /* SceneDelegate.swift */ = {isa = PBXFileReference; lastKnownFileType = sourcecode.swift; path = SceneDelegate.swift; sourceTree = "<group>"; };
		277500D5243DBB81001A3F18 /* ViewController.swift */ = {isa = PBXFileReference; lastKnownFileType = sourcecode.swift; path = ViewController.swift; sourceTree = "<group>"; };
		277500D8243DBB81001A3F18 /* Base */ = {isa = PBXFileReference; lastKnownFileType = file.storyboard; name = Base; path = Base.lproj/Main.storyboard; sourceTree = "<group>"; };
		277500DA243DBB82001A3F18 /* Assets.xcassets */ = {isa = PBXFileReference; lastKnownFileType = folder.assetcatalog; path = Assets.xcassets; sourceTree = "<group>"; };
		277500DD243DBB82001A3F18 /* Base */ = {isa = PBXFileReference; lastKnownFileType = file.storyboard; name = Base; path = Base.lproj/LaunchScreen.storyboard; sourceTree = "<group>"; };
		277500DF243DBB82001A3F18 /* Info.plist */ = {isa = PBXFileReference; lastKnownFileType = text.plist.xml; path = Info.plist; sourceTree = "<group>"; };
		277500E7243DC64C001A3F18 /* applelogo.png */ = {isa = PBXFileReference; lastKnownFileType = image.png; path = applelogo.png; sourceTree = "<group>"; };
		277500E9243E221B001A3F18 /* PendingNotificationsViewController.swift */ = {isa = PBXFileReference; lastKnownFileType = sourcecode.swift; path = PendingNotificationsViewController.swift; sourceTree = "<group>"; };
		625EB940E9018D38D2A5B3C2 /* Pods-SchedulerPractice.debug.xcconfig */ = {isa = PBXFileReference; includeInIndex = 1; lastKnownFileType = text.xcconfig; name = "Pods-SchedulerPractice.debug.xcconfig"; path = "Target Support Files/Pods-SchedulerPractice/Pods-SchedulerPractice.debug.xcconfig"; sourceTree = "<group>"; };
		AFB6FA8FF3E8E151BA7AF4AD /* Pods_SchedulerPractice.framework */ = {isa = PBXFileReference; explicitFileType = wrapper.framework; includeInIndex = 0; path = Pods_SchedulerPractice.framework; sourceTree = BUILT_PRODUCTS_DIR; };
		BAB07490FA03C737215EADC4 /* Pods-SchedulerPractice.release.xcconfig */ = {isa = PBXFileReference; includeInIndex = 1; lastKnownFileType = text.xcconfig; name = "Pods-SchedulerPractice.release.xcconfig"; path = "Target Support Files/Pods-SchedulerPractice/Pods-SchedulerPractice.release.xcconfig"; sourceTree = "<group>"; };
/* End PBXFileReference section */

/* Begin PBXFrameworksBuildPhase section */
		277500CB243DBB81001A3F18 /* Frameworks */ = {
			isa = PBXFrameworksBuildPhase;
			buildActionMask = 2147483647;
			files = (
				F19872B8BC88653347116132 /* Pods_SchedulerPractice.framework in Frameworks */,
			);
			runOnlyForDeploymentPostprocessing = 0;
		};
/* End PBXFrameworksBuildPhase section */

/* Begin PBXGroup section */
		277500C5243DBB81001A3F18 = {
			isa = PBXGroup;
			children = (
				277500D0243DBB81001A3F18 /* SchedulerPractice */,
				277500CF243DBB81001A3F18 /* Products */,
				CBC76D424BC2089FDAAE4DD9 /* Pods */,
				D78B5438CDF7E8248BA75D01 /* Frameworks */,
			);
			sourceTree = "<group>";
		};
		277500CF243DBB81001A3F18 /* Products */ = {
			isa = PBXGroup;
			children = (
				277500CE243DBB81001A3F18 /* SchedulerPractice.app */,
			);
			name = Products;
			sourceTree = "<group>";
		};
		277500D0243DBB81001A3F18 /* SchedulerPractice */ = {
			isa = PBXGroup;
			children = (
				277500D1243DBB81001A3F18 /* AppDelegate.swift */,
				277500D3243DBB81001A3F18 /* SceneDelegate.swift */,
				277500D5243DBB81001A3F18 /* ViewController.swift */,
				277500E9243E221B001A3F18 /* PendingNotificationsViewController.swift */,
				277500D7243DBB81001A3F18 /* Main.storyboard */,
				277500DA243DBB82001A3F18 /* Assets.xcassets */,
				277500DC243DBB82001A3F18 /* LaunchScreen.storyboard */,
				277500E7243DC64C001A3F18 /* applelogo.png */,
				277500DF243DBB82001A3F18 /* Info.plist */,
			);
			path = SchedulerPractice;
			sourceTree = "<group>";
		};
		CBC76D424BC2089FDAAE4DD9 /* Pods */ = {
			isa = PBXGroup;
			children = (
				625EB940E9018D38D2A5B3C2 /* Pods-SchedulerPractice.debug.xcconfig */,
				BAB07490FA03C737215EADC4 /* Pods-SchedulerPractice.release.xcconfig */,
			);
			path = Pods;
			sourceTree = "<group>";
		};
		D78B5438CDF7E8248BA75D01 /* Frameworks */ = {
			isa = PBXGroup;
			children = (
				AFB6FA8FF3E8E151BA7AF4AD /* Pods_SchedulerPractice.framework */,
			);
			name = Frameworks;
			sourceTree = "<group>";
		};
/* End PBXGroup section */

/* Begin PBXNativeTarget section */
		277500CD243DBB81001A3F18 /* SchedulerPractice */ = {
			isa = PBXNativeTarget;
			buildConfigurationList = 277500E2243DBB82001A3F18 /* Build configuration list for PBXNativeTarget "SchedulerPractice" */;
			buildPhases = (
				8365965324A5D8094B5E2455 /* [CP] Check Pods Manifest.lock */,
				277500CA243DBB81001A3F18 /* Sources */,
				277500CB243DBB81001A3F18 /* Frameworks */,
				277500CC243DBB81001A3F18 /* Resources */,
				479E5DB28597FC6C0A60ACF3 /* [CP] Embed Pods Frameworks */,
			);
			buildRules = (
			);
			dependencies = (
			);
			name = SchedulerPractice;
			productName = SchedulerPractice;
			productReference = 277500CE243DBB81001A3F18 /* SchedulerPractice.app */;
			productType = "com.apple.product-type.application";
		};
/* End PBXNativeTarget section */

/* Begin PBXProject section */
		277500C6243DBB81001A3F18 /* Project object */ = {
			isa = PBXProject;
			attributes = {
				LastSwiftUpdateCheck = 1120;
				LastUpgradeCheck = 1120;
				ORGANIZATIONNAME = ideas2it;
				TargetAttributes = {
					277500CD243DBB81001A3F18 = {
						CreatedOnToolsVersion = 11.2.1;
					};
				};
			};
			buildConfigurationList = 277500C9243DBB81001A3F18 /* Build configuration list for PBXProject "SchedulerPractice" */;
			compatibilityVersion = "Xcode 9.3";
			developmentRegion = en;
			hasScannedForEncodings = 0;
			knownRegions = (
				en,
				Base,
			);
			mainGroup = 277500C5243DBB81001A3F18;
			productRefGroup = 277500CF243DBB81001A3F18 /* Products */;
			projectDirPath = "";
			projectRoot = "";
			targets = (
				277500CD243DBB81001A3F18 /* SchedulerPractice */,
			);
		};
/* End PBXProject section */

/* Begin PBXResourcesBuildPhase section */
		277500CC243DBB81001A3F18 /* Resources */ = {
			isa = PBXResourcesBuildPhase;
			buildActionMask = 2147483647;
			files = (
				277500DE243DBB82001A3F18 /* LaunchScreen.storyboard in Resources */,
				277500DB243DBB82001A3F18 /* Assets.xcassets in Resources */,
				277500D9243DBB81001A3F18 /* Main.storyboard in Resources */,
				277500E8243DC64C001A3F18 /* applelogo.png in Resources */,
			);
			runOnlyForDeploymentPostprocessing = 0;
		};
/* End PBXResourcesBuildPhase section */

/* Begin PBXShellScriptBuildPhase section */
		479E5DB28597FC6C0A60ACF3 /* [CP] Embed Pods Frameworks */ = {
			isa = PBXShellScriptBuildPhase;
			buildActionMask = 2147483647;
			files = (
			);
			inputFileListPaths = (
				"${PODS_ROOT}/Target Support Files/Pods-SchedulerPractice/Pods-SchedulerPractice-frameworks-${CONFIGURATION}-input-files.xcfilelist",
			);
			name = "[CP] Embed Pods Frameworks";
			outputFileListPaths = (
				"${PODS_ROOT}/Target Support Files/Pods-SchedulerPractice/Pods-SchedulerPractice-frameworks-${CONFIGURATION}-output-files.xcfilelist",
			);
			runOnlyForDeploymentPostprocessing = 0;
			shellPath = /bin/sh;
			shellScript = "\"${PODS_ROOT}/Target Support Files/Pods-SchedulerPractice/Pods-SchedulerPractice-frameworks.sh\"\n";
			showEnvVarsInLog = 0;
		};
		8365965324A5D8094B5E2455 /* [CP] Check Pods Manifest.lock */ = {
			isa = PBXShellScriptBuildPhase;
			buildActionMask = 2147483647;
			files = (
			);
			inputFileListPaths = (
			);
			inputPaths = (
				"${PODS_PODFILE_DIR_PATH}/Podfile.lock",
				"${PODS_ROOT}/Manifest.lock",
			);
			name = "[CP] Check Pods Manifest.lock";
			outputFileListPaths = (
			);
			outputPaths = (
				"$(DERIVED_FILE_DIR)/Pods-SchedulerPractice-checkManifestLockResult.txt",
			);
			runOnlyForDeploymentPostprocessing = 0;
			shellPath = /bin/sh;
			shellScript = "diff \"${PODS_PODFILE_DIR_PATH}/Podfile.lock\" \"${PODS_ROOT}/Manifest.lock\" > /dev/null\nif [ $? != 0 ] ; then\n    # print error to STDERR\n    echo \"error: The sandbox is not in sync with the Podfile.lock. Run 'pod install' or update your CocoaPods installation.\" >&2\n    exit 1\nfi\n# This output is used by Xcode 'outputs' to avoid re-running this script phase.\necho \"SUCCESS\" > \"${SCRIPT_OUTPUT_FILE_0}\"\n";
			showEnvVarsInLog = 0;
		};
/* End PBXShellScriptBuildPhase section */

/* Begin PBXSourcesBuildPhase section */
		277500CA243DBB81001A3F18 /* Sources */ = {
			isa = PBXSourcesBuildPhase;
			buildActionMask = 2147483647;
			files = (
				277500D6243DBB81001A3F18 /* ViewController.swift in Sources */,
				277500EA243E221B001A3F18 /* PendingNotificationsViewController.swift in Sources */,
				277500D2243DBB81001A3F18 /* AppDelegate.swift in Sources */,
				277500D4243DBB81001A3F18 /* SceneDelegate.swift in Sources */,
			);
			runOnlyForDeploymentPostprocessing = 0;
		};
/* End PBXSourcesBuildPhase section */

/* Begin PBXVariantGroup section */
		277500D7243DBB81001A3F18 /* Main.storyboard */ = {
			isa = PBXVariantGroup;
			children = (
				277500D8243DBB81001A3F18 /* Base */,
			);
			name = Main.storyboard;
			sourceTree = "<group>";
		};
		277500DC243DBB82001A3F18 /* LaunchScreen.storyboard */ = {
			isa = PBXVariantGroup;
			children = (
				277500DD243DBB82001A3F18 /* Base */,
			);
			name = LaunchScreen.storyboard;
			sourceTree = "<group>";
		};
/* End PBXVariantGroup section */

/* Begin XCBuildConfiguration section */
		277500E0243DBB82001A3F18 /* Debug */ = {
			isa = XCBuildConfiguration;
			buildSettings = {
				ALWAYS_SEARCH_USER_PATHS = NO;
				CLANG_ANALYZER_NONNULL = YES;
				CLANG_ANALYZER_NUMBER_OBJECT_CONVERSION = YES_AGGRESSIVE;
				CLANG_CXX_LANGUAGE_STANDARD = "gnu++14";
				CLANG_CXX_LIBRARY = "libc++";
				CLANG_ENABLE_MODULES = YES;
				CLANG_ENABLE_OBJC_ARC = YES;
				CLANG_ENABLE_OBJC_WEAK = YES;
				CLANG_WARN_BLOCK_CAPTURE_AUTORELEASING = YES;
				CLANG_WARN_BOOL_CONVERSION = YES;
				CLANG_WARN_COMMA = YES;
				CLANG_WARN_CONSTANT_CONVERSION = YES;
				CLANG_WARN_DEPRECATED_OBJC_IMPLEMENTATIONS = YES;
				CLANG_WARN_DIRECT_OBJC_ISA_USAGE = YES_ERROR;
				CLANG_WARN_DOCUMENTATION_COMMENTS = YES;
				CLANG_WARN_EMPTY_BODY = YES;
				CLANG_WARN_ENUM_CONVERSION = YES;
				CLANG_WARN_INFINITE_RECURSION = YES;
				CLANG_WARN_INT_CONVERSION = YES;
				CLANG_WARN_NON_LITERAL_NULL_CONVERSION = YES;
				CLANG_WARN_OBJC_IMPLICIT_RETAIN_SELF = YES;
				CLANG_WARN_OBJC_LITERAL_CONVERSION = YES;
				CLANG_WARN_OBJC_ROOT_CLASS = YES_ERROR;
				CLANG_WARN_RANGE_LOOP_ANALYSIS = YES;
				CLANG_WARN_STRICT_PROTOTYPES = YES;
				CLANG_WARN_SUSPICIOUS_MOVE = YES;
				CLANG_WARN_UNGUARDED_AVAILABILITY = YES_AGGRESSIVE;
				CLANG_WARN_UNREACHABLE_CODE = YES;
				CLANG_WARN__DUPLICATE_METHOD_MATCH = YES;
				COPY_PHASE_STRIP = NO;
				DEBUG_INFORMATION_FORMAT = dwarf;
				ENABLE_STRICT_OBJC_MSGSEND = YES;
				ENABLE_TESTABILITY = YES;
				GCC_C_LANGUAGE_STANDARD = gnu11;
				GCC_DYNAMIC_NO_PIC = NO;
				GCC_NO_COMMON_BLOCKS = YES;
				GCC_OPTIMIZATION_LEVEL = 0;
				GCC_PREPROCESSOR_DEFINITIONS = (
					"DEBUG=1",
					"$(inherited)",
				);
				GCC_WARN_64_TO_32_BIT_CONVERSION = YES;
				GCC_WARN_ABOUT_RETURN_TYPE = YES_ERROR;
				GCC_WARN_UNDECLARED_SELECTOR = YES;
				GCC_WARN_UNINITIALIZED_AUTOS = YES_AGGRESSIVE;
				GCC_WARN_UNUSED_FUNCTION = YES;
				GCC_WARN_UNUSED_VARIABLE = YES;
				IPHONEOS_DEPLOYMENT_TARGET = 13.2;
				MTL_ENABLE_DEBUG_INFO = INCLUDE_SOURCE;
				MTL_FAST_MATH = YES;
				ONLY_ACTIVE_ARCH = YES;
				SDKROOT = iphoneos;
				SWIFT_ACTIVE_COMPILATION_CONDITIONS = DEBUG;
				SWIFT_OPTIMIZATION_LEVEL = "-Onone";
			};
			name = Debug;
		};
		277500E1243DBB82001A3F18 /* Release */ = {
			isa = XCBuildConfiguration;
			buildSettings = {
				ALWAYS_SEARCH_USER_PATHS = NO;
				CLANG_ANALYZER_NONNULL = YES;
				CLANG_ANALYZER_NUMBER_OBJECT_CONVERSION = YES_AGGRESSIVE;
				CLANG_CXX_LANGUAGE_STANDARD = "gnu++14";
				CLANG_CXX_LIBRARY = "libc++";
				CLANG_ENABLE_MODULES = YES;
				CLANG_ENABLE_OBJC_ARC = YES;
				CLANG_ENABLE_OBJC_WEAK = YES;
				CLANG_WARN_BLOCK_CAPTURE_AUTORELEASING = YES;
				CLANG_WARN_BOOL_CONVERSION = YES;
				CLANG_WARN_COMMA = YES;
				CLANG_WARN_CONSTANT_CONVERSION = YES;
				CLANG_WARN_DEPRECATED_OBJC_IMPLEMENTATIONS = YES;
				CLANG_WARN_DIRECT_OBJC_ISA_USAGE = YES_ERROR;
				CLANG_WARN_DOCUMENTATION_COMMENTS = YES;
				CLANG_WARN_EMPTY_BODY = YES;
				CLANG_WARN_ENUM_CONVERSION = YES;
				CLANG_WARN_INFINITE_RECURSION = YES;
				CLANG_WARN_INT_CONVERSION = YES;
				CLANG_WARN_NON_LITERAL_NULL_CONVERSION = YES;
				CLANG_WARN_OBJC_IMPLICIT_RETAIN_SELF = YES;
				CLANG_WARN_OBJC_LITERAL_CONVERSION = YES;
				CLANG_WARN_OBJC_ROOT_CLASS = YES_ERROR;
				CLANG_WARN_RANGE_LOOP_ANALYSIS = YES;
				CLANG_WARN_STRICT_PROTOTYPES = YES;
				CLANG_WARN_SUSPICIOUS_MOVE = YES;
				CLANG_WARN_UNGUARDED_AVAILABILITY = YES_AGGRESSIVE;
				CLANG_WARN_UNREACHABLE_CODE = YES;
				CLANG_WARN__DUPLICATE_METHOD_MATCH = YES;
				COPY_PHASE_STRIP = NO;
				DEBUG_INFORMATION_FORMAT = "dwarf-with-dsym";
				ENABLE_NS_ASSERTIONS = NO;
				ENABLE_STRICT_OBJC_MSGSEND = YES;
				GCC_C_LANGUAGE_STANDARD = gnu11;
				GCC_NO_COMMON_BLOCKS = YES;
				GCC_WARN_64_TO_32_BIT_CONVERSION = YES;
				GCC_WARN_ABOUT_RETURN_TYPE = YES_ERROR;
				GCC_WARN_UNDECLARED_SELECTOR = YES;
				GCC_WARN_UNINITIALIZED_AUTOS = YES_AGGRESSIVE;
				GCC_WARN_UNUSED_FUNCTION = YES;
				GCC_WARN_UNUSED_VARIABLE = YES;
				IPHONEOS_DEPLOYMENT_TARGET = 13.2;
				MTL_ENABLE_DEBUG_INFO = NO;
				MTL_FAST_MATH = YES;
				SDKROOT = iphoneos;
				SWIFT_COMPILATION_MODE = wholemodule;
				SWIFT_OPTIMIZATION_LEVEL = "-O";
				VALIDATE_PRODUCT = YES;
			};
			name = Release;
		};
		277500E3243DBB82001A3F18 /* Debug */ = {
			isa = XCBuildConfiguration;
			baseConfigurationReference = 625EB940E9018D38D2A5B3C2 /* Pods-SchedulerPractice.debug.xcconfig */;
			buildSettings = {
				ASSETCATALOG_COMPILER_APPICON_NAME = AppIcon;
				CODE_SIGN_STYLE = Automatic;
				INFOPLIST_FILE = SchedulerPractice/Info.plist;
				LD_RUNPATH_SEARCH_PATHS = (
					"$(inherited)",
					"@executable_path/Frameworks",
				);
				PRODUCT_BUNDLE_IDENTIFIER = com.ideas2it.SchedulerPractice;
				PRODUCT_NAME = "$(TARGET_NAME)";
				SWIFT_VERSION = 5.0;
				TARGETED_DEVICE_FAMILY = "1,2";
			};
			name = Debug;
		};
		277500E4243DBB82001A3F18 /* Release */ = {
			isa = XCBuildConfiguration;
			baseConfigurationReference = BAB07490FA03C737215EADC4 /* Pods-SchedulerPractice.release.xcconfig */;
			buildSettings = {
				ASSETCATALOG_COMPILER_APPICON_NAME = AppIcon;
				CODE_SIGN_STYLE = Automatic;
				INFOPLIST_FILE = SchedulerPractice/Info.plist;
				LD_RUNPATH_SEARCH_PATHS = (
					"$(inherited)",
					"@executable_path/Frameworks",
				);
				PRODUCT_BUNDLE_IDENTIFIER = com.ideas2it.SchedulerPractice;
				PRODUCT_NAME = "$(TARGET_NAME)";
				SWIFT_VERSION = 5.0;
				TARGETED_DEVICE_FAMILY = "1,2";
			};
			name = Release;
		};
/* End XCBuildConfiguration section */

/* Begin XCConfigurationList section */
		277500C9243DBB81001A3F18 /* Build configuration list for PBXProject "SchedulerPractice" */ = {
			isa = XCConfigurationList;
			buildConfigurations = (
				277500E0243DBB82001A3F18 /* Debug */,
				277500E1243DBB82001A3F18 /* Release */,
			);
			defaultConfigurationIsVisible = 0;
			defaultConfigurationName = Release;
		};
		277500E2243DBB82001A3F18 /* Build configuration list for PBXNativeTarget "SchedulerPractice" */ = {
			isa = XCConfigurationList;
			buildConfigurations = (
				277500E3243DBB82001A3F18 /* Debug */,
				277500E4243DBB82001A3F18 /* Release */,
			);
			defaultConfigurationIsVisible = 0;
			defaultConfigurationName = Release;
		};
/* End XCConfigurationList section */
	};
	rootObject = 277500C6243DBB81001A3F18 /* Project object */;
}
